
Microsoft Visual Studio Solution File, Format Version 12.00
# Visual Studio Version 16
VisualStudioVersion = 16.0.30804.86
MinimumVisualStudioVersion = 10.0.40219.1
Project("{FAE04EC0-301F-11D3-BF4B-00C04F79EFBC}") = "ToDoList", "ToDoList\ToDoList.csproj", "{6BD40749-CAEC-4B16-B21F-24B39E650DF4}"
EndProject
Global
	GlobalSection(SolutionConfigurationPlatforms) = preSolution
		Debug|Any CPU = Debug|Any CPU
		Release|Any CPU = Release|Any CPU
	EndGlobalSection
	GlobalSection(ProjectConfigurationPlatforms) = postSolution
		{6BD40749-CAEC-4B16-B21F-24B39E650DF4}.Debug|Any CPU.ActiveCfg = Debug|Any CPU
		{6BD40749-CAEC-4B16-B21F-24B39E650DF4}.Debug|Any CPU.Build.0 = Debug|Any CPU
		{6BD40749-CAEC-4B16-B21F-24B39E650DF4}.Release|Any CPU.ActiveCfg = Release|Any CPU
		{6BD40749-CAEC-4B16-B21F-24B39E650DF4}.Release|Any CPU.Build.0 = Release|Any CPU
	EndGlobalSection
	GlobalSection(SolutionProperties) = preSolution
		HideSolutionNode = FALSE
	EndGlobalSection
	GlobalSection(ExtensibilityGlobals) = postSolution
		SolutionGuid = {392A9E57-A9FB-46EA-8E79-9D1CC8FD243D}
	EndGlobalSection
EndGlobal
